
Microsoft Visual Studio Solution File, Format Version 12.00
# Visual Studio Version 17
VisualStudioVersion = 17.5.002.0
MinimumVisualStudioVersion = 10.0.40219.1
Project("{9A19103F-16F7-4668-BE54-9A1E7A4F7556}") = "adminTerminal", "adminTerminal.csproj", "{6BB14926-D1F6-4039-9DE0-27A7243C8ADF}"
EndProject
Global
	GlobalSection(SolutionConfigurationPlatforms) = preSolution
		Debug|Any CPU = Debug|Any CPU
		Release|Any CPU = Release|Any CPU
	EndGlobalSection
	GlobalSection(ProjectConfigurationPlatforms) = postSolution
		{6BB14926-D1F6-4039-9DE0-27A7243C8ADF}.Debug|Any CPU.ActiveCfg = Debug|Any CPU
		{6BB14926-D1F6-4039-9DE0-27A7243C8ADF}.Debug|Any CPU.Build.0 = Debug|Any CPU
		{6BB14926-D1F6-4039-9DE0-27A7243C8ADF}.Release|Any CPU.ActiveCfg = Release|Any CPU
		{6BB14926-D1F6-4039-9DE0-27A7243C8ADF}.Release|Any CPU.Build.0 = Release|Any CPU
	EndGlobalSection
	GlobalSection(SolutionProperties) = preSolution
		HideSolutionNode = FALSE
	EndGlobalSection
	GlobalSection(ExtensibilityGlobals) = postSolution
		SolutionGuid = {5DD209A0-3CAC-418C-BA01-EE999A653A65}
	EndGlobalSection
EndGlobal
